
Microsoft Visual Studio Solution File, Format Version 12.00
# Visual Studio 2013
VisualStudioVersion = 12.0.30723.0
MinimumVisualStudioVersion = 10.0.40219.1
Project("{FAE04EC0-301F-11D3-BF4B-00C04F79EFBC}") = "Luke5", "KnowItJulekalender\Luke5.csproj", "{6D8D9740-3425-4117-8E07-973D8F5C39E7}"
EndProject
Project("{FAE04EC0-301F-11D3-BF4B-00C04F79EFBC}") = "Luke6", "Luke6\Luke6.csproj", "{2A31929C-464A-4B22-82B1-FE2EE722E0BB}"
EndProject
Project("{FAE04EC0-301F-11D3-BF4B-00C04F79EFBC}") = "Luke7", "Luke7\Luke7.csproj", "{FEF65E35-084E-4005-A4A9-2BBCE2009F81}"
EndProject
Project("{FAE04EC0-301F-11D3-BF4B-00C04F79EFBC}") = "Luke8", "Luke8\Luke8.csproj", "{5787DB3B-7552-4F03-BE7F-69EFD7E6CE73}"
EndProject
Project("{FAE04EC0-301F-11D3-BF4B-00C04F79EFBC}") = "Luke9", "Luke9\Luke9.csproj", "{3BBAE740-BCCD-4AD1-885E-2697A537EEB1}"
EndProject
Project("{FAE04EC0-301F-11D3-BF4B-00C04F79EFBC}") = "Luke10", "Luke10\Luke10.csproj", "{9D4EF42D-979E-4855-9D7A-0C4D62E9577E}"
EndProject
Project("{FAE04EC0-301F-11D3-BF4B-00C04F79EFBC}") = "Luke11", "Luke11\Luke11.csproj", "{FA395199-C283-45A1-8838-EEB1CD733908}"
EndProject
Project("{FAE04EC0-301F-11D3-BF4B-00C04F79EFBC}") = "Luke12", "Luke12\Luke12.csproj", "{3605ED95-5F5A-469B-B6CD-C643370C3D30}"
EndProject
Project("{FAE04EC0-301F-11D3-BF4B-00C04F79EFBC}") = "Luke13", "Luke13\Luke13.csproj", "{B09D9CFA-13D3-4D01-BAB2-5F42068F9AA2}"
EndProject
Project("{FAE04EC0-301F-11D3-BF4B-00C04F79EFBC}") = "Luke14", "Luke14\Luke14.csproj", "{40D7B000-D3ED-446E-AC06-B5E4935106B9}"
EndProject
Project("{FAE04EC0-301F-11D3-BF4B-00C04F79EFBC}") = "Luke15", "Luke15\Luke15.csproj", "{A6A8F821-10A4-40AA-A0A7-8E6D8FA45367}"
EndProject
Project("{FAE04EC0-301F-11D3-BF4B-00C04F79EFBC}") = "Luke16", "Luke16\Luke16.csproj", "{073065F0-1013-4585-98DB-83335D326149}"
EndProject
Project("{FAE04EC0-301F-11D3-BF4B-00C04F79EFBC}") = "Luke17", "Luke17\Luke17.csproj", "{6429D23F-8274-44E5-91E3-2F02D204BBDA}"
EndProject
Project("{FAE04EC0-301F-11D3-BF4B-00C04F79EFBC}") = "Luke18", "Luke18\Luke18.csproj", "{77B3E851-A3E6-43B2-A354-D0549965B475}"
EndProject
Project("{FAE04EC0-301F-11D3-BF4B-00C04F79EFBC}") = "Luke19", "Luke19\Luke19.csproj", "{2780DC90-3369-4934-8188-32175B367423}"
EndProject
Project("{FAE04EC0-301F-11D3-BF4B-00C04F79EFBC}") = "Luke20", "Luke20\Luke20.csproj", "{29B71594-59DA-4F5D-8A8B-C5DDED15997E}"
EndProject
Project("{FAE04EC0-301F-11D3-BF4B-00C04F79EFBC}") = "Luke21", "Luke21\Luke21.csproj", "{09EDFC51-9E8B-4012-A576-D78942A96107}"
EndProject
Project("{FAE04EC0-301F-11D3-BF4B-00C04F79EFBC}") = "Luke22", "Luke22\Luke22.csproj", "{0EBD4264-FAC7-4F16-B939-55C3C0992F8C}"
EndProject
Project("{FAE04EC0-301F-11D3-BF4B-00C04F79EFBC}") = "Luke23", "Luke23\Luke23.csproj", "{088626DA-B0D8-4563-A6F0-04796B47417E}"
EndProject
Project("{FAE04EC0-301F-11D3-BF4B-00C04F79EFBC}") = "Luke24", "Luke24\Luke24.csproj", "{DE1E47A1-CE79-48FE-8083-B50038C6D9AA}"
EndProject
Global
	GlobalSection(SolutionConfigurationPlatforms) = preSolution
		Debug|Any CPU = Debug|Any CPU
		Release|Any CPU = Release|Any CPU
	EndGlobalSection
	GlobalSection(ProjectConfigurationPlatforms) = postSolution
		{6D8D9740-3425-4117-8E07-973D8F5C39E7}.Debug|Any CPU.ActiveCfg = Debug|Any CPU
		{6D8D9740-3425-4117-8E07-973D8F5C39E7}.Debug|Any CPU.Build.0 = Debug|Any CPU
		{6D8D9740-3425-4117-8E07-973D8F5C39E7}.Release|Any CPU.ActiveCfg = Release|Any CPU
		{6D8D9740-3425-4117-8E07-973D8F5C39E7}.Release|Any CPU.Build.0 = Release|Any CPU
		{2A31929C-464A-4B22-82B1-FE2EE722E0BB}.Debug|Any CPU.ActiveCfg = Debug|Any CPU
		{2A31929C-464A-4B22-82B1-FE2EE722E0BB}.Debug|Any CPU.Build.0 = Debug|Any CPU
		{2A31929C-464A-4B22-82B1-FE2EE722E0BB}.Release|Any CPU.ActiveCfg = Release|Any CPU
		{2A31929C-464A-4B22-82B1-FE2EE722E0BB}.Release|Any CPU.Build.0 = Release|Any CPU
		{FEF65E35-084E-4005-A4A9-2BBCE2009F81}.Debug|Any CPU.ActiveCfg = Debug|Any CPU
		{FEF65E35-084E-4005-A4A9-2BBCE2009F81}.Debug|Any CPU.Build.0 = Debug|Any CPU
		{FEF65E35-084E-4005-A4A9-2BBCE2009F81}.Release|Any CPU.ActiveCfg = Release|Any CPU
		{FEF65E35-084E-4005-A4A9-2BBCE2009F81}.Release|Any CPU.Build.0 = Release|Any CPU
		{5787DB3B-7552-4F03-BE7F-69EFD7E6CE73}.Debug|Any CPU.ActiveCfg = Debug|Any CPU
		{5787DB3B-7552-4F03-BE7F-69EFD7E6CE73}.Debug|Any CPU.Build.0 = Debug|Any CPU
		{5787DB3B-7552-4F03-BE7F-69EFD7E6CE73}.Release|Any CPU.ActiveCfg = Release|Any CPU
		{5787DB3B-7552-4F03-BE7F-69EFD7E6CE73}.Release|Any CPU.Build.0 = Release|Any CPU
		{3BBAE740-BCCD-4AD1-885E-2697A537EEB1}.Debug|Any CPU.ActiveCfg = Debug|Any CPU
		{3BBAE740-BCCD-4AD1-885E-2697A537EEB1}.Debug|Any CPU.Build.0 = Debug|Any CPU
		{3BBAE740-BCCD-4AD1-885E-2697A537EEB1}.Release|Any CPU.ActiveCfg = Release|Any CPU
		{3BBAE740-BCCD-4AD1-885E-2697A537EEB1}.Release|Any CPU.Build.0 = Release|Any CPU
		{9D4EF42D-979E-4855-9D7A-0C4D62E9577E}.Debug|Any CPU.ActiveCfg = Debug|Any CPU
		{9D4EF42D-979E-4855-9D7A-0C4D62E9577E}.Debug|Any CPU.Build.0 = Debug|Any CPU
		{9D4EF42D-979E-4855-9D7A-0C4D62E9577E}.Release|Any CPU.ActiveCfg = Release|Any CPU
		{9D4EF42D-979E-4855-9D7A-0C4D62E9577E}.Release|Any CPU.Build.0 = Release|Any CPU
		{FA395199-C283-45A1-8838-EEB1CD733908}.Debug|Any CPU.ActiveCfg = Debug|Any CPU
		{FA395199-C283-45A1-8838-EEB1CD733908}.Debug|Any CPU.Build.0 = Debug|Any CPU
		{FA395199-C283-45A1-8838-EEB1CD733908}.Release|Any CPU.ActiveCfg = Release|Any CPU
		{FA395199-C283-45A1-8838-EEB1CD733908}.Release|Any CPU.Build.0 = Release|Any CPU
		{3605ED95-5F5A-469B-B6CD-C643370C3D30}.Debug|Any CPU.ActiveCfg = Debug|Any CPU
		{3605ED95-5F5A-469B-B6CD-C643370C3D30}.Debug|Any CPU.Build.0 = Debug|Any CPU
		{3605ED95-5F5A-469B-B6CD-C643370C3D30}.Release|Any CPU.ActiveCfg = Release|Any CPU
		{3605ED95-5F5A-469B-B6CD-C643370C3D30}.Release|Any CPU.Build.0 = Release|Any CPU
		{B09D9CFA-13D3-4D01-BAB2-5F42068F9AA2}.Debug|Any CPU.ActiveCfg = Debug|Any CPU
		{B09D9CFA-13D3-4D01-BAB2-5F42068F9AA2}.Debug|Any CPU.Build.0 = Debug|Any CPU
		{B09D9CFA-13D3-4D01-BAB2-5F42068F9AA2}.Release|Any CPU.ActiveCfg = Release|Any CPU
		{B09D9CFA-13D3-4D01-BAB2-5F42068F9AA2}.Release|Any CPU.Build.0 = Release|Any CPU
		{40D7B000-D3ED-446E-AC06-B5E4935106B9}.Debug|Any CPU.ActiveCfg = Debug|Any CPU
		{40D7B000-D3ED-446E-AC06-B5E4935106B9}.Debug|Any CPU.Build.0 = Debug|Any CPU
		{40D7B000-D3ED-446E-AC06-B5E4935106B9}.Release|Any CPU.ActiveCfg = Release|Any CPU
		{40D7B000-D3ED-446E-AC06-B5E4935106B9}.Release|Any CPU.Build.0 = Release|Any CPU
		{A6A8F821-10A4-40AA-A0A7-8E6D8FA45367}.Debug|Any CPU.ActiveCfg = Debug|Any CPU
		{A6A8F821-10A4-40AA-A0A7-8E6D8FA45367}.Debug|Any CPU.Build.0 = Debug|Any CPU
		{A6A8F821-10A4-40AA-A0A7-8E6D8FA45367}.Release|Any CPU.ActiveCfg = Release|Any CPU
		{A6A8F821-10A4-40AA-A0A7-8E6D8FA45367}.Release|Any CPU.Build.0 = Release|Any CPU
		{073065F0-1013-4585-98DB-83335D326149}.Debug|Any CPU.ActiveCfg = Debug|Any CPU
		{073065F0-1013-4585-98DB-83335D326149}.Debug|Any CPU.Build.0 = Debug|Any CPU
		{073065F0-1013-4585-98DB-83335D326149}.Release|Any CPU.ActiveCfg = Release|Any CPU
		{073065F0-1013-4585-98DB-83335D326149}.Release|Any CPU.Build.0 = Release|Any CPU
		{6429D23F-8274-44E5-91E3-2F02D204BBDA}.Debug|Any CPU.ActiveCfg = Debug|Any CPU
		{6429D23F-8274-44E5-91E3-2F02D204BBDA}.Debug|Any CPU.Build.0 = Debug|Any CPU
		{6429D23F-8274-44E5-91E3-2F02D204BBDA}.Release|Any CPU.ActiveCfg = Release|Any CPU
		{6429D23F-8274-44E5-91E3-2F02D204BBDA}.Release|Any CPU.Build.0 = Release|Any CPU
		{77B3E851-A3E6-43B2-A354-D0549965B475}.Debug|Any CPU.ActiveCfg = Debug|Any CPU
		{77B3E851-A3E6-43B2-A354-D0549965B475}.Debug|Any CPU.Build.0 = Debug|Any CPU
		{77B3E851-A3E6-43B2-A354-D0549965B475}.Release|Any CPU.ActiveCfg = Release|Any CPU
		{77B3E851-A3E6-43B2-A354-D0549965B475}.Release|Any CPU.Build.0 = Release|Any CPU
		{2780DC90-3369-4934-8188-32175B367423}.Debug|Any CPU.ActiveCfg = Debug|Any CPU
		{2780DC90-3369-4934-8188-32175B367423}.Debug|Any CPU.Build.0 = Debug|Any CPU
		{2780DC90-3369-4934-8188-32175B367423}.Release|Any CPU.ActiveCfg = Release|Any CPU
		{2780DC90-3369-4934-8188-32175B367423}.Release|Any CPU.Build.0 = Release|Any CPU
		{29B71594-59DA-4F5D-8A8B-C5DDED15997E}.Debug|Any CPU.ActiveCfg = Debug|Any CPU
		{29B71594-59DA-4F5D-8A8B-C5DDED15997E}.Debug|Any CPU.Build.0 = Debug|Any CPU
		{29B71594-59DA-4F5D-8A8B-C5DDED15997E}.Release|Any CPU.ActiveCfg = Release|Any CPU
		{29B71594-59DA-4F5D-8A8B-C5DDED15997E}.Release|Any CPU.Build.0 = Release|Any CPU
		{09EDFC51-9E8B-4012-A576-D78942A96107}.Debug|Any CPU.ActiveCfg = Debug|Any CPU
		{09EDFC51-9E8B-4012-A576-D78942A96107}.Debug|Any CPU.Build.0 = Debug|Any CPU
		{09EDFC51-9E8B-4012-A576-D78942A96107}.Release|Any CPU.ActiveCfg = Release|Any CPU
		{09EDFC51-9E8B-4012-A576-D78942A96107}.Release|Any CPU.Build.0 = Release|Any CPU
		{0EBD4264-FAC7-4F16-B939-55C3C0992F8C}.Debug|Any CPU.ActiveCfg = Debug|Any CPU
		{0EBD4264-FAC7-4F16-B939-55C3C0992F8C}.Debug|Any CPU.Build.0 = Debug|Any CPU
		{0EBD4264-FAC7-4F16-B939-55C3C0992F8C}.Release|Any CPU.ActiveCfg = Release|Any CPU
		{0EBD4264-FAC7-4F16-B939-55C3C0992F8C}.Release|Any CPU.Build.0 = Release|Any CPU
		{088626DA-B0D8-4563-A6F0-04796B47417E}.Debug|Any CPU.ActiveCfg = Debug|Any CPU
		{088626DA-B0D8-4563-A6F0-04796B47417E}.Debug|Any CPU.Build.0 = Debug|Any CPU
		{088626DA-B0D8-4563-A6F0-04796B47417E}.Release|Any CPU.ActiveCfg = Release|Any CPU
		{088626DA-B0D8-4563-A6F0-04796B47417E}.Release|Any CPU.Build.0 = Release|Any CPU
		{DE1E47A1-CE79-48FE-8083-B50038C6D9AA}.Debug|Any CPU.ActiveCfg = Debug|Any CPU
		{DE1E47A1-CE79-48FE-8083-B50038C6D9AA}.Debug|Any CPU.Build.0 = Debug|Any CPU
		{DE1E47A1-CE79-48FE-8083-B50038C6D9AA}.Release|Any CPU.ActiveCfg = Release|Any CPU
		{DE1E47A1-CE79-48FE-8083-B50038C6D9AA}.Release|Any CPU.Build.0 = Release|Any CPU
	EndGlobalSection
	GlobalSection(SolutionProperties) = preSolution
		HideSolutionNode = FALSE
	EndGlobalSection
EndGlobal
